
Microsoft Visual Studio Solution File, Format Version 12.00
# Visual Studio Version 16
VisualStudioVersion = 16.0.33027.164
MinimumVisualStudioVersion = 10.0.40219.1
Project("{FAE04EC0-301F-11D3-BF4B-00C04F79EFBC}") = "CApp", "CApp\CApp.csproj", "{98B6EDE6-A380-4468-927A-AC1C1DBDCDF0}"
EndProject
Global
	GlobalSection(SolutionConfigurationPlatforms) = preSolution
		Debug|Any CPU = Debug|Any CPU
		Release|Any CPU = Release|Any CPU
	EndGlobalSection
	GlobalSection(ProjectConfigurationPlatforms) = postSolution
		{98B6EDE6-A380-4468-927A-AC1C1DBDCDF0}.Debug|Any CPU.ActiveCfg = Debug|Any CPU
		{98B6EDE6-A380-4468-927A-AC1C1DBDCDF0}.Debug|Any CPU.Build.0 = Debug|Any CPU
		{98B6EDE6-A380-4468-927A-AC1C1DBDCDF0}.Release|Any CPU.ActiveCfg = Release|Any CPU
		{98B6EDE6-A380-4468-927A-AC1C1DBDCDF0}.Release|Any CPU.Build.0 = Release|Any CPU
	EndGlobalSection
	GlobalSection(SolutionProperties) = preSolution
		HideSolutionNode = FALSE
	EndGlobalSection
	GlobalSection(ExtensibilityGlobals) = postSolution
		SolutionGuid = {C67D25BD-EFD1-429D-8963-52612109FE5A}
	EndGlobalSection
EndGlobal
